
Microsoft Visual Studio Solution File, Format Version 12.00
# Visual Studio Version 18
VisualStudioVersion = 18.5.11723.231 stable
MinimumVisualStudioVersion = 10.0.40219.1
Project("{FAE04EC0-301F-11D3-BF4B-00C04F79EFBC}") = "RSA_Demo", "RSA_Demo.csproj", "{9F770D28-C821-FE12-AF71-6C34C17AC4A7}"
EndProject
Global
	GlobalSection(SolutionConfigurationPlatforms) = preSolution
		Debug|Any CPU = Debug|Any CPU
		Release|Any CPU = Release|Any CPU
	EndGlobalSection
	GlobalSection(ProjectConfigurationPlatforms) = postSolution
		{9F770D28-C821-FE12-AF71-6C34C17AC4A7}.Debug|Any CPU.ActiveCfg = Debug|Any CPU
		{9F770D28-C821-FE12-AF71-6C34C17AC4A7}.Debug|Any CPU.Build.0 = Debug|Any CPU
		{9F770D28-C821-FE12-AF71-6C34C17AC4A7}.Release|Any CPU.ActiveCfg = Release|Any CPU
		{9F770D28-C821-FE12-AF71-6C34C17AC4A7}.Release|Any CPU.Build.0 = Release|Any CPU
	EndGlobalSection
	GlobalSection(SolutionProperties) = preSolution
		HideSolutionNode = FALSE
	EndGlobalSection
	GlobalSection(ExtensibilityGlobals) = postSolution
		SolutionGuid = {A02B5D8D-B0C0-44CC-931D-8DFC2CBED113}
	EndGlobalSection
EndGlobal
